
Microsoft Visual Studio Solution File, Format Version 12.00
# Visual Studio 15
VisualStudioVersion = 15.0.28307.489
MinimumVisualStudioVersion = 10.0.40219.1
Project("{FAE04EC0-301F-11D3-BF4B-00C04F79EFBC}") = "schoolSIMS", "schoolSIMS\schoolSIMS.csproj", "{DBA651C7-F1E3-4248-9C27-146D09E37BA0}"
EndProject
Global
	GlobalSection(SolutionConfigurationPlatforms) = preSolution
		Debug|Any CPU = Debug|Any CPU
		Release|Any CPU = Release|Any CPU
	EndGlobalSection
	GlobalSection(ProjectConfigurationPlatforms) = postSolution
		{DBA651C7-F1E3-4248-9C27-146D09E37BA0}.Debug|Any CPU.ActiveCfg = Debug|Any CPU
		{DBA651C7-F1E3-4248-9C27-146D09E37BA0}.Debug|Any CPU.Build.0 = Debug|Any CPU
		{DBA651C7-F1E3-4248-9C27-146D09E37BA0}.Release|Any CPU.ActiveCfg = Release|Any CPU
		{DBA651C7-F1E3-4248-9C27-146D09E37BA0}.Release|Any CPU.Build.0 = Release|Any CPU
	EndGlobalSection
	GlobalSection(SolutionProperties) = preSolution
		HideSolutionNode = FALSE
	EndGlobalSection
	GlobalSection(ExtensibilityGlobals) = postSolution
		SolutionGuid = {D4B757F6-0BCA-4893-85D2-E2E1AE09CCD3}
	EndGlobalSection
EndGlobal
